
Microsoft Visual Studio Solution File, Format Version 12.00
# Visual Studio Version 16
VisualStudioVersion = 16.0.28803.202
MinimumVisualStudioVersion = 10.0.40219.1
Project("{9A19103F-16F7-4668-BE54-9A1E7A4F7556}") = "GBM.Portfolio.API", "GBM.Portfolio.API\GBM.Portfolio.API.csproj", "{48404629-C3D4-43DC-8D7D-D0FB5ACED17C}"
EndProject
Project("{9A19103F-16F7-4668-BE54-9A1E7A4F7556}") = "GBM.Portfolio.Domain.Models", "GBM.Portfolio.Model\GBM.Portfolio.Domain.Models.csproj", "{FD8240B0-6BEA-47DC-80EE-9F3C0E9C6FAB}"
EndProject
Project("{9A19103F-16F7-4668-BE54-9A1E7A4F7556}") = "GBM.Portfolio.Domain.Services", "GBM.Portfolio.Domain.Services\GBM.Portfolio.Domain.Services.csproj", "{EF1845C4-6595-4DDB-BBC5-174E7230CA1B}"
EndProject
Project("{9A19103F-16F7-4668-BE54-9A1E7A4F7556}") = "GBM.Portfolio.Domain.Repositories", "GBM.Portfolio.Domain.Repositories\GBM.Portfolio.Domain.Repositories.csproj", "{4143AC96-FB62-42A5-8578-1B644F598666}"
EndProject
Global
	GlobalSection(SolutionConfigurationPlatforms) = preSolution
		Debug|Any CPU = Debug|Any CPU
		Release|Any CPU = Release|Any CPU
	EndGlobalSection
	GlobalSection(ProjectConfigurationPlatforms) = postSolution
		{48404629-C3D4-43DC-8D7D-D0FB5ACED17C}.Debug|Any CPU.ActiveCfg = Debug|Any CPU
		{48404629-C3D4-43DC-8D7D-D0FB5ACED17C}.Debug|Any CPU.Build.0 = Debug|Any CPU
		{48404629-C3D4-43DC-8D7D-D0FB5ACED17C}.Release|Any CPU.ActiveCfg = Release|Any CPU
		{48404629-C3D4-43DC-8D7D-D0FB5ACED17C}.Release|Any CPU.Build.0 = Release|Any CPU
		{FD8240B0-6BEA-47DC-80EE-9F3C0E9C6FAB}.Debug|Any CPU.ActiveCfg = Debug|Any CPU
		{FD8240B0-6BEA-47DC-80EE-9F3C0E9C6FAB}.Debug|Any CPU.Build.0 = Debug|Any CPU
		{FD8240B0-6BEA-47DC-80EE-9F3C0E9C6FAB}.Release|Any CPU.ActiveCfg = Release|Any CPU
		{FD8240B0-6BEA-47DC-80EE-9F3C0E9C6FAB}.Release|Any CPU.Build.0 = Release|Any CPU
		{EF1845C4-6595-4DDB-BBC5-174E7230CA1B}.Debug|Any CPU.ActiveCfg = Debug|Any CPU
		{EF1845C4-6595-4DDB-BBC5-174E7230CA1B}.Debug|Any CPU.Build.0 = Debug|Any CPU
		{EF1845C4-6595-4DDB-BBC5-174E7230CA1B}.Release|Any CPU.ActiveCfg = Release|Any CPU
		{EF1845C4-6595-4DDB-BBC5-174E7230CA1B}.Release|Any CPU.Build.0 = Release|Any CPU
		{4143AC96-FB62-42A5-8578-1B644F598666}.Debug|Any CPU.ActiveCfg = Debug|Any CPU
		{4143AC96-FB62-42A5-8578-1B644F598666}.Debug|Any CPU.Build.0 = Debug|Any CPU
		{4143AC96-FB62-42A5-8578-1B644F598666}.Release|Any CPU.ActiveCfg = Release|Any CPU
		{4143AC96-FB62-42A5-8578-1B644F598666}.Release|Any CPU.Build.0 = Release|Any CPU
	EndGlobalSection
	GlobalSection(SolutionProperties) = preSolution
		HideSolutionNode = FALSE
	EndGlobalSection
	GlobalSection(ExtensibilityGlobals) = postSolution
		SolutionGuid = {4CAC6DF5-D98B-447F-9131-7E8A4FDB6C63}
	EndGlobalSection
EndGlobal
